// !$*UTF8*$!
{
	archiveVersion = 1;
	classes = {
	};
	objectVersion = 77;
	objects = {

/* Begin PBXContainerItemProxy section */
		D430B8F32CE35DE800C7DE91 /* PBXContainerItemProxy */ = {
			isa = PBXContainerItemProxy;
			containerPortal = D430B8DA2CE35DE600C7DE91 /* Project object */;
			proxyType = 1;
			remoteGlobalIDString = D430B8E12CE35DE600C7DE91;
			remoteInfo = testBle;
		};
		D430B8FD2CE35DE800C7DE91 /* PBXContainerItemProxy */ = {
			isa = PBXContainerItemProxy;
			containerPortal = D430B8DA2CE35DE600C7DE91 /* Project object */;
			proxyType = 1;
			remoteGlobalIDString = D430B8E12CE35DE600C7DE91;
			remoteInfo = testBle;
		};
/* End PBXContainerItemProxy section */

/* Begin PBXFileReference section */
		D430B8E22CE35DE600C7DE91 /* testBle.app */ = {isa = PBXFileReference; explicitFileType = wrapper.application; includeInIndex = 0; path = testBle.app; sourceTree = BUILT_PRODUCTS_DIR; };
		D430B8F22CE35DE800C7DE91 /* testBleTests.xctest */ = {isa = PBXFileReference; explicitFileType = wrapper.cfbundle; includeInIndex = 0; path = testBleTests.xctest; sourceTree = BUILT_PRODUCTS_DIR; };
		D430B8FC2CE35DE800C7DE91 /* testBleUITests.xctest */ = {isa = PBXFileReference; explicitFileType = wrapper.cfbundle; includeInIndex = 0; path = testBleUITests.xctest; sourceTree = BUILT_PRODUCTS_DIR; };
/* End PBXFileReference section */

/* Begin PBXFileSystemSynchronizedRootGroup section */
		D430B8E42CE35DE600C7DE91 /* testBle */ = {
			isa = PBXFileSystemSynchronizedRootGroup;
			path = testBle;
			sourceTree = "<group>";
		};
		D430B8F52CE35DE800C7DE91 /* testBleTests */ = {
			isa = PBXFileSystemSynchronizedRootGroup;
			path = testBleTests;
			sourceTree = "<group>";
		};
		D430B8FF2CE35DE800C7DE91 /* testBleUITests */ = {
			isa = PBXFileSystemSynchronizedRootGroup;
			path = testBleUITests;
			sourceTree = "<group>";
		};
/* End PBXFileSystemSynchronizedRootGroup section */

/* Begin PBXFrameworksBuildPhase section */
		D430B8DF2CE35DE600C7DE91 /* Frameworks */ = {
			isa = PBXFrameworksBuildPhase;
			buildActionMask = 2147483647;
			files = (
			);
			runOnlyForDeploymentPostprocessing = 0;
		};
		D430B8EF2CE35DE800C7DE91 /* Frameworks */ = {
			isa = PBXFrameworksBuildPhase;
			buildActionMask = 2147483647;
			files = (
			);
			runOnlyForDeploymentPostprocessing = 0;
		};
		D430B8F92CE35DE800C7DE91 /* Frameworks */ = {
			isa = PBXFrameworksBuildPhase;
			buildActionMask = 2147483647;
			files = (
			);
			runOnlyForDeploymentPostprocessing = 0;
		};
/* End PBXFrameworksBuildPhase section */

/* Begin PBXGroup section */
		D430B8D92CE35DE600C7DE91 = {
			isa = PBXGroup;
			children = (
				D430B8E42CE35DE600C7DE91 /* testBle */,
				D430B8F52CE35DE800C7DE91 /* testBleTests */,
				D430B8FF2CE35DE800C7DE91 /* testBleUITests */,
				D430B8E32CE35DE600C7DE91 /* Products */,
			);
			sourceTree = "<group>";
		};
		D430B8E32CE35DE600C7DE91 /* Products */ = {
			isa = PBXGroup;
			children = (
				D430B8E22CE35DE600C7DE91 /* testBle.app */,
				D430B8F22CE35DE800C7DE91 /* testBleTests.xctest */,
				D430B8FC2CE35DE800C7DE91 /* testBleUITests.xctest */,
			);
			name = Products;
			sourceTree = "<group>";
		};
/* End PBXGroup section */

/* Begin PBXNativeTarget section */
		D430B8E12CE35DE600C7DE91 /* testBle */ = {
			isa = PBXNativeTarget;
			buildConfigurationList = D430B9062CE35DE800C7DE91 /* Build configuration list for PBXNativeTarget "testBle" */;
			buildPhases = (
				D430B8DE2CE35DE600C7DE91 /* Sources */,
				D430B8DF2CE35DE600C7DE91 /* Frameworks */,
				D430B8E02CE35DE600C7DE91 /* Resources */,
			);
			buildRules = (
			);
			dependencies = (
			);
			fileSystemSynchronizedGroups = (
				D430B8E42CE35DE600C7DE91 /* testBle */,
			);
			name = testBle;
			packageProductDependencies = (
			);
			productName = testBle;
			productReference = D430B8E22CE35DE600C7DE91 /* testBle.app */;
			productType = "com.apple.product-type.application";
		};
		D430B8F12CE35DE800C7DE91 /* testBleTests */ = {
			isa = PBXNativeTarget;
			buildConfigurationList = D430B9092CE35DE800C7DE91 /* Build configuration list for PBXNativeTarget "testBleTests" */;
			buildPhases = (
				D430B8EE2CE35DE800C7DE91 /* Sources */,
				D430B8EF2CE35DE800C7DE91 /* Frameworks */,
				D430B8F02CE35DE800C7DE91 /* Resources */,
			);
			buildRules = (
			);
			dependencies = (
				D430B8F42CE35DE800C7DE91 /* PBXTargetDependency */,
			);
			fileSystemSynchronizedGroups = (
				D430B8F52CE35DE800C7DE91 /* testBleTests */,
			);
			name = testBleTests;
			packageProductDependencies = (
			);
			productName = testBleTests;
			productReference = D430B8F22CE35DE800C7DE91 /* testBleTests.xctest */;
			productType = "com.apple.product-type.bundle.unit-test";
		};
		D430B8FB2CE35DE800C7DE91 /* testBleUITests */ = {
			isa = PBXNativeTarget;
			buildConfigurationList = D430B90C2CE35DE800C7DE91 /* Build configuration list for PBXNativeTarget "testBleUITests" */;
			buildPhases = (
				D430B8F82CE35DE800C7DE91 /* Sources */,
				D430B8F92CE35DE800C7DE91 /* Frameworks */,
				D430B8FA2CE35DE800C7DE91 /* Resources */,
			);
			buildRules = (
			);
			dependencies = (
				D430B8FE2CE35DE800C7DE91 /* PBXTargetDependency */,
			);
			fileSystemSynchronizedGroups = (
				D430B8FF2CE35DE800C7DE91 /* testBleUITests */,
			);
			name = testBleUITests;
			packageProductDependencies = (
			);
			productName = testBleUITests;
			productReference = D430B8FC2CE35DE800C7DE91 /* testBleUITests.xctest */;
			productType = "com.apple.product-type.bundle.ui-testing";
		};
/* End PBXNativeTarget section */

/* Begin PBXProject section */
		D430B8DA2CE35DE600C7DE91 /* Project object */ = {
			isa = PBXProject;
			attributes = {
				BuildIndependentTargetsInParallel = 1;
				LastSwiftUpdateCheck = 1610;
				LastUpgradeCheck = 1610;
				TargetAttributes = {
					D430B8E12CE35DE600C7DE91 = {
						CreatedOnToolsVersion = 16.1;
					};
					D430B8F12CE35DE800C7DE91 = {
						CreatedOnToolsVersion = 16.1;
						TestTargetID = D430B8E12CE35DE600C7DE91;
					};
					D430B8FB2CE35DE800C7DE91 = {
						CreatedOnToolsVersion = 16.1;
						TestTargetID = D430B8E12CE35DE600C7DE91;
					};
				};
			};
			buildConfigurationList = D430B8DD2CE35DE600C7DE91 /* Build configuration list for PBXProject "testBle" */;
			developmentRegion = en;
			hasScannedForEncodings = 0;
			knownRegions = (
				en,
				Base,
			);
			mainGroup = D430B8D92CE35DE600C7DE91;
			minimizedProjectReferenceProxies = 1;
			preferredProjectObjectVersion = 77;
			productRefGroup = D430B8E32CE35DE600C7DE91 /* Products */;
			projectDirPath = "";
			projectRoot = "";
			targets = (
				D430B8E12CE35DE600C7DE91 /* testBle */,
				D430B8F12CE35DE800C7DE91 /* testBleTests */,
				D430B8FB2CE35DE800C7DE91 /* testBleUITests */,
			);
		};
/* End PBXProject section */

/* Begin PBXResourcesBuildPhase section */
		D430B8E02CE35DE600C7DE91 /* Resources */ = {
			isa = PBXResourcesBuildPhase;
			buildActionMask = 2147483647;
			files = (
			);
			runOnlyForDeploymentPostprocessing = 0;
		};
		D430B8F02CE35DE800C7DE91 /* Resources */ = {
			isa = PBXResourcesBuildPhase;
			buildActionMask = 2147483647;
			files = (
			);
			runOnlyForDeploymentPostprocessing = 0;
		};
		D430B8FA2CE35DE800C7DE91 /* Resources */ = {
			isa = PBXResourcesBuildPhase;
			buildActionMask = 2147483647;
			files = (
			);
			runOnlyForDeploymentPostprocessing = 0;
		};
/* End PBXResourcesBuildPhase section */

/* Begin PBXSourcesBuildPhase section */
		D430B8DE2CE35DE600C7DE91 /* Sources */ = {
			isa = PBXSourcesBuildPhase;
			buildActionMask = 2147483647;
			files = (
			);
			runOnlyForDeploymentPostprocessing = 0;
		};
		D430B8EE2CE35DE800C7DE91 /* Sources */ = {
			isa = PBXSourcesBuildPhase;
			buildActionMask = 2147483647;
			files = (
			);
			runOnlyForDeploymentPostprocessing = 0;
		};
		D430B8F82CE35DE800C7DE91 /* Sources */ = {
			isa = PBXSourcesBuildPhase;
			buildActionMask = 2147483647;
			files = (
			);
			runOnlyForDeploymentPostprocessing = 0;
		};
/* End PBXSourcesBuildPhase section */

/* Begin PBXTargetDependency section */
		D430B8F42CE35DE800C7DE91 /* PBXTargetDependency */ = {
			isa = PBXTargetDependency;
			target = D430B8E12CE35DE600C7DE91 /* testBle */;
			targetProxy = D430B8F32CE35DE800C7DE91 /* PBXContainerItemProxy */;
		};
		D430B8FE2CE35DE800C7DE91 /* PBXTargetDependency */ = {
			isa = PBXTargetDependency;
			target = D430B8E12CE35DE600C7DE91 /* testBle */;
			targetProxy = D430B8FD2CE35DE800C7DE91 /* PBXContainerItemProxy */;
		};
/* End PBXTargetDependency section */

/* Begin XCBuildConfiguration section */
		D430B9042CE35DE800C7DE91 /* Debug */ = {
			isa = XCBuildConfiguration;
			buildSettings = {
				ALWAYS_SEARCH_USER_PATHS = NO;
				ASSETCATALOG_COMPILER_GENERATE_SWIFT_ASSET_SYMBOL_EXTENSIONS = YES;
				CLANG_ANALYZER_NONNULL = YES;
				CLANG_ANALYZER_NUMBER_OBJECT_CONVERSION = YES_AGGRESSIVE;
				CLANG_CXX_LANGUAGE_STANDARD = "gnu++20";
				CLANG_ENABLE_MODULES = YES;
				CLANG_ENABLE_OBJC_ARC = YES;
				CLANG_ENABLE_OBJC_WEAK = YES;
				CLANG_WARN_BLOCK_CAPTURE_AUTORELEASING = YES;
				CLANG_WARN_BOOL_CONVERSION = YES;
				CLANG_WARN_COMMA = YES;
				CLANG_WARN_CONSTANT_CONVERSION = YES;
				CLANG_WARN_DEPRECATED_OBJC_IMPLEMENTATIONS = YES;
				CLANG_WARN_DIRECT_OBJC_ISA_USAGE = YES_ERROR;
				CLANG_WARN_DOCUMENTATION_COMMENTS = YES;
				CLANG_WARN_EMPTY_BODY = YES;
				CLANG_WARN_ENUM_CONVERSION = YES;
				CLANG_WARN_INFINITE_RECURSION = YES;
				CLANG_WARN_INT_CONVERSION = YES;
				CLANG_WARN_NON_LITERAL_NULL_CONVERSION = YES;
				CLANG_WARN_OBJC_IMPLICIT_RETAIN_SELF = YES;
				CLANG_WARN_OBJC_LITERAL_CONVERSION = YES;
				CLANG_WARN_OBJC_ROOT_CLASS = YES_ERROR;
				CLANG_WARN_QUOTED_INCLUDE_IN_FRAMEWORK_HEADER = YES;
				CLANG_WARN_RANGE_LOOP_ANALYSIS = YES;
				CLANG_WARN_STRICT_PROTOTYPES = YES;
				CLANG_WARN_SUSPICIOUS_MOVE = YES;
				CLANG_WARN_UNGUARDED_AVAILABILITY = YES_AGGRESSIVE;
				CLANG_WARN_UNREACHABLE_CODE = YES;
				CLANG_WARN__DUPLICATE_METHOD_MATCH = YES;
				COPY_PHASE_STRIP = NO;
				DEBUG_INFORMATION_FORMAT = dwarf;
				ENABLE_STRICT_OBJC_MSGSEND = YES;
				ENABLE_TESTABILITY = YES;
				ENABLE_USER_SCRIPT_SANDBOXING = YES;
				GCC_C_LANGUAGE_STANDARD = gnu17;
				GCC_DYNAMIC_NO_PIC = NO;
				GCC_NO_COMMON_BLOCKS = YES;
				GCC_OPTIMIZATION_LEVEL = 0;
				GCC_PREPROCESSOR_DEFINITIONS = (
					"DEBUG=1",
					"$(inherited)",
				);
				GCC_WARN_64_TO_32_BIT_CONVERSION = YES;
				GCC_WARN_ABOUT_RETURN_TYPE = YES_ERROR;
				GCC_WARN_UNDECLARED_SELECTOR = YES;
				GCC_WARN_UNINITIALIZED_AUTOS = YES_AGGRESSIVE;
				GCC_WARN_UNUSED_FUNCTION = YES;
				GCC_WARN_UNUSED_VARIABLE = YES;
				IPHONEOS_DEPLOYMENT_TARGET = 18.1;
				LOCALIZATION_PREFERS_STRING_CATALOGS = YES;
				MTL_ENABLE_DEBUG_INFO = INCLUDE_SOURCE;
				MTL_FAST_MATH = YES;
				ONLY_ACTIVE_ARCH = YES;
				SDKROOT = iphoneos;
				SWIFT_ACTIVE_COMPILATION_CONDITIONS = "DEBUG $(inherited)";
				SWIFT_OPTIMIZATION_LEVEL = "-Onone";
			};
			name = Debug;
		};
		D430B9052CE35DE800C7DE91 /* Release */ = {
			isa = XCBuildConfiguration;
			buildSettings = {
				ALWAYS_SEARCH_USER_PATHS = NO;
				ASSETCATALOG_COMPILER_GENERATE_SWIFT_ASSET_SYMBOL_EXTENSIONS = YES;
				CLANG_ANALYZER_NONNULL = YES;
				CLANG_ANALYZER_NUMBER_OBJECT_CONVERSION = YES_AGGRESSIVE;
				CLANG_CXX_LANGUAGE_STANDARD = "gnu++20";
				CLANG_ENABLE_MODULES = YES;
				CLANG_ENABLE_OBJC_ARC = YES;
				CLANG_ENABLE_OBJC_WEAK = YES;
				CLANG_WARN_BLOCK_CAPTURE_AUTORELEASING = YES;
				CLANG_WARN_BOOL_CONVERSION = YES;
				CLANG_WARN_COMMA = YES;
				CLANG_WARN_CONSTANT_CONVERSION = YES;
				CLANG_WARN_DEPRECATED_OBJC_IMPLEMENTATIONS = YES;
				CLANG_WARN_DIRECT_OBJC_ISA_USAGE = YES_ERROR;
				CLANG_WARN_DOCUMENTATION_COMMENTS = YES;
				CLANG_WARN_EMPTY_BODY = YES;
				CLANG_WARN_ENUM_CONVERSION = YES;
				CLANG_WARN_INFINITE_RECURSION = YES;
				CLANG_WARN_INT_CONVERSION = YES;
				CLANG_WARN_NON_LITERAL_NULL_CONVERSION = YES;
				CLANG_WARN_OBJC_IMPLICIT_RETAIN_SELF = YES;
				CLANG_WARN_OBJC_LITERAL_CONVERSION = YES;
				CLANG_WARN_OBJC_ROOT_CLASS = YES_ERROR;
				CLANG_WARN_QUOTED_INCLUDE_IN_FRAMEWORK_HEADER = YES;
				CLANG_WARN_RANGE_LOOP_ANALYSIS = YES;
				CLANG_WARN_STRICT_PROTOTYPES = YES;
				CLANG_WARN_SUSPICIOUS_MOVE = YES;
				CLANG_WARN_UNGUARDED_AVAILABILITY = YES_AGGRESSIVE;
				CLANG_WARN_UNREACHABLE_CODE = YES;
				CLANG_WARN__DUPLICATE_METHOD_MATCH = YES;
				COPY_PHASE_STRIP = NO;
				DEBUG_INFORMATION_FORMAT = "dwarf-with-dsym";
				ENABLE_NS_ASSERTIONS = NO;
				ENABLE_STRICT_OBJC_MSGSEND = YES;
				ENABLE_USER_SCRIPT_SANDBOXING = YES;
				GCC_C_LANGUAGE_STANDARD = gnu17;
				GCC_NO_COMMON_BLOCKS = YES;
				GCC_WARN_64_TO_32_BIT_CONVERSION = YES;
				GCC_WARN_ABOUT_RETURN_TYPE = YES_ERROR;
				GCC_WARN_UNDECLARED_SELECTOR = YES;
				GCC_WARN_UNINITIALIZED_AUTOS = YES_AGGRESSIVE;
				GCC_WARN_UNUSED_FUNCTION = YES;
				GCC_WARN_UNUSED_VARIABLE = YES;
				IPHONEOS_DEPLOYMENT_TARGET = 18.1;
				LOCALIZATION_PREFERS_STRING_CATALOGS = YES;
				MTL_ENABLE_DEBUG_INFO = NO;
				MTL_FAST_MATH = YES;
				SDKROOT = iphoneos;
				SWIFT_COMPILATION_MODE = wholemodule;
				VALIDATE_PRODUCT = YES;
			};
			name = Release;
		};
		D430B9072CE35DE800C7DE91 /* Debug */ = {
			isa = XCBuildConfiguration;
			buildSettings = {
				ASSETCATALOG_COMPILER_APPICON_NAME = AppIcon;
				ASSETCATALOG_COMPILER_GLOBAL_ACCENT_COLOR_NAME = AccentColor;
				CODE_SIGN_STYLE = Automatic;
				CURRENT_PROJECT_VERSION = 1;
				DEVELOPMENT_ASSET_PATHS = "\"testBle/Preview Content\"";
				ENABLE_PREVIEWS = YES;
				GENERATE_INFOPLIST_FILE = YES;
				INFOPLIST_KEY_UIApplicationSceneManifest_Generation = YES;
				INFOPLIST_KEY_UIApplicationSupportsIndirectInputEvents = YES;
				INFOPLIST_KEY_UILaunchScreen_Generation = YES;
				INFOPLIST_KEY_UISupportedInterfaceOrientations_iPad = "UIInterfaceOrientationPortrait UIInterfaceOrientationPortraitUpsideDown UIInterfaceOrientationLandscapeLeft UIInterfaceOrientationLandscapeRight";
				INFOPLIST_KEY_UISupportedInterfaceOrientations_iPhone = "UIInterfaceOrientationPortrait UIInterfaceOrientationLandscapeLeft UIInterfaceOrientationLandscapeRight";
				LD_RUNPATH_SEARCH_PATHS = (
					"$(inherited)",
					"@executable_path/Frameworks",
				);
				MARKETING_VERSION = 1.0;
				PRODUCT_BUNDLE_IDENTIFIER = orangedenshi.testBle;
				PRODUCT_NAME = "$(TARGET_NAME)";
				SWIFT_EMIT_LOC_STRINGS = YES;
				SWIFT_VERSION = 5.0;
				TARGETED_DEVICE_FAMILY = "1,2";
			};
			name = Debug;
		};
		D430B9082CE35DE800C7DE91 /* Release */ = {
			isa = XCBuildConfiguration;
			buildSettings = {
				ASSETCATALOG_COMPILER_APPICON_NAME = AppIcon;
				ASSETCATALOG_COMPILER_GLOBAL_ACCENT_COLOR_NAME = AccentColor;
				CODE_SIGN_STYLE = Automatic;
				CURRENT_PROJECT_VERSION = 1;
				DEVELOPMENT_ASSET_PATHS = "\"testBle/Preview Content\"";
				ENABLE_PREVIEWS = YES;
				GENERATE_INFOPLIST_FILE = YES;
				INFOPLIST_KEY_UIApplicationSceneManifest_Generation = YES;
				INFOPLIST_KEY_UIApplicationSupportsIndirectInputEvents = YES;
				INFOPLIST_KEY_UILaunchScreen_Generation = YES;
				INFOPLIST_KEY_UISupportedInterfaceOrientations_iPad = "UIInterfaceOrientationPortrait UIInterfaceOrientationPortraitUpsideDown UIInterfaceOrientationLandscapeLeft UIInterfaceOrientationLandscapeRight";
				INFOPLIST_KEY_UISupportedInterfaceOrientations_iPhone = "UIInterfaceOrientationPortrait UIInterfaceOrientationLandscapeLeft UIInterfaceOrientationLandscapeRight";
				LD_RUNPATH_SEARCH_PATHS = (
					"$(inherited)",
					"@executable_path/Frameworks",
				);
				MARKETING_VERSION = 1.0;
				PRODUCT_BUNDLE_IDENTIFIER = orangedenshi.testBle;
				PRODUCT_NAME = "$(TARGET_NAME)";
				SWIFT_EMIT_LOC_STRINGS = YES;
				SWIFT_VERSION = 5.0;
				TARGETED_DEVICE_FAMILY = "1,2";
			};
			name = Release;
		};
		D430B90A2CE35DE800C7DE91 /* Debug */ = {
			isa = XCBuildConfiguration;
			buildSettings = {
				BUNDLE_LOADER = "$(TEST_HOST)";
				CODE_SIGN_STYLE = Automatic;
				CURRENT_PROJECT_VERSION = 1;
				GENERATE_INFOPLIST_FILE = YES;
				IPHONEOS_DEPLOYMENT_TARGET = 18.1;
				MARKETING_VERSION = 1.0;
				PRODUCT_BUNDLE_IDENTIFIER = orangedenshi.testBleTests;
				PRODUCT_NAME = "$(TARGET_NAME)";
				SWIFT_EMIT_LOC_STRINGS = NO;
				SWIFT_VERSION = 5.0;
				TARGETED_DEVICE_FAMILY = "1,2";
				TEST_HOST = "$(BUILT_PRODUCTS_DIR)/testBle.app/$(BUNDLE_EXECUTABLE_FOLDER_PATH)/testBle";
			};
			name = Debug;
		};
		D430B90B2CE35DE800C7DE91 /* Release */ = {
			isa = XCBuildConfiguration;
			buildSettings = {
				BUNDLE_LOADER = "$(TEST_HOST)";
				CODE_SIGN_STYLE = Automatic;
				CURRENT_PROJECT_VERSION = 1;
				GENERATE_INFOPLIST_FILE = YES;
				IPHONEOS_DEPLOYMENT_TARGET = 18.1;
				MARKETING_VERSION = 1.0;
				PRODUCT_BUNDLE_IDENTIFIER = orangedenshi.testBleTests;
				PRODUCT_NAME = "$(TARGET_NAME)";
				SWIFT_EMIT_LOC_STRINGS = NO;
				SWIFT_VERSION = 5.0;
				TARGETED_DEVICE_FAMILY = "1,2";
				TEST_HOST = "$(BUILT_PRODUCTS_DIR)/testBle.app/$(BUNDLE_EXECUTABLE_FOLDER_PATH)/testBle";
			};
			name = Release;
		};
		D430B90D2CE35DE800C7DE91 /* Debug */ = {
			isa = XCBuildConfiguration;
			buildSettings = {
				CODE_SIGN_STYLE = Automatic;
				CURRENT_PROJECT_VERSION = 1;
				GENERATE_INFOPLIST_FILE = YES;
				MARKETING_VERSION = 1.0;
				PRODUCT_BUNDLE_IDENTIFIER = orangedenshi.testBleUITests;
				PRODUCT_NAME = "$(TARGET_NAME)";
				SWIFT_EMIT_LOC_STRINGS = NO;
				SWIFT_VERSION = 5.0;
				TARGETED_DEVICE_FAMILY = "1,2";
				TEST_TARGET_NAME = testBle;
			};
			name = Debug;
		};
		D430B90E2CE35DE800C7DE91 /* Release */ = {
			isa = XCBuildConfiguration;
			buildSettings = {
				CODE_SIGN_STYLE = Automatic;
				CURRENT_PROJECT_VERSION = 1;
				GENERATE_INFOPLIST_FILE = YES;
				MARKETING_VERSION = 1.0;
				PRODUCT_BUNDLE_IDENTIFIER = orangedenshi.testBleUITests;
				PRODUCT_NAME = "$(TARGET_NAME)";
				SWIFT_EMIT_LOC_STRINGS = NO;
				SWIFT_VERSION = 5.0;
				TARGETED_DEVICE_FAMILY = "1,2";
				TEST_TARGET_NAME = testBle;
			};
			name = Release;
		};
/* End XCBuildConfiguration section */

/* Begin XCConfigurationList section */
		D430B8DD2CE35DE600C7DE91 /* Build configuration list for PBXProject "testBle" */ = {
			isa = XCConfigurationList;
			buildConfigurations = (
				D430B9042CE35DE800C7DE91 /* Debug */,
				D430B9052CE35DE800C7DE91 /* Release */,
			);
			defaultConfigurationIsVisible = 0;
			defaultConfigurationName = Release;
		};
		D430B9062CE35DE800C7DE91 /* Build configuration list for PBXNativeTarget "testBle" */ = {
			isa = XCConfigurationList;
			buildConfigurations = (
				D430B9072CE35DE800C7DE91 /* Debug */,
				D430B9082CE35DE800C7DE91 /* Release */,
			);
			defaultConfigurationIsVisible = 0;
			defaultConfigurationName = Release;
		};
		D430B9092CE35DE800C7DE91 /* Build configuration list for PBXNativeTarget "testBleTests" */ = {
			isa = XCConfigurationList;
			buildConfigurations = (
				D430B90A2CE35DE800C7DE91 /* Debug */,
				D430B90B2CE35DE800C7DE91 /* Release */,
			);
			defaultConfigurationIsVisible = 0;
			defaultConfigurationName = Release;
		};
		D430B90C2CE35DE800C7DE91 /* Build configuration list for PBXNativeTarget "testBleUITests" */ = {
			isa = XCConfigurationList;
			buildConfigurations = (
				D430B90D2CE35DE800C7DE91 /* Debug */,
				D430B90E2CE35DE800C7DE91 /* Release */,
			);
			defaultConfigurationIsVisible = 0;
			defaultConfigurationName = Release;
		};
/* End XCConfigurationList section */
	};
	rootObject = D430B8DA2CE35DE600C7DE91 /* Project object */;
}
